
Microsoft Visual Studio Solution File, Format Version 12.00
# Visual Studio Version 17
VisualStudioVersion = 17.9.34701.34
MinimumVisualStudioVersion = 10.0.40219.1
Project("{2150E333-8FDC-42A3-9474-1A3956D46DE8}") = "src", "src", "{A58B75A4-F39C-430D-BFBF-209ACE001EB8}"
EndProject
Project("{2150E333-8FDC-42A3-9474-1A3956D46DE8}") = "Command", "Command", "{8922278F-30A1-4767-9E8F-1FC887E396DD}"
EndProject
Project("{2150E333-8FDC-42A3-9474-1A3956D46DE8}") = "Query", "Query", "{45B0D14D-FDC9-41E4-853F-B8693B6FD522}"
EndProject
Project("{9A19103F-16F7-4668-BE54-9A1E7A4F7556}") = "Command.API", "src\Command\Command.API\Command.API.csproj", "{E83AB8D1-50D6-408F-8EEF-63062085265A}"
EndProject
Project("{9A19103F-16F7-4668-BE54-9A1E7A4F7556}") = "Command.Domain", "src\Command\Command.Domain\Command.Domain.csproj", "{51DE6497-9A39-45D1-BC6F-C0B93E896227}"
EndProject
Project("{9A19103F-16F7-4668-BE54-9A1E7A4F7556}") = "Command.Infrastructure", "src\Command\Command.Infastructure\Command.Infrastructure.csproj", "{2834F3BF-D6BE-4EE3-93BA-FFB699148FB3}"
EndProject
Project("{9A19103F-16F7-4668-BE54-9A1E7A4F7556}") = "Command.Persistence", "src\Command\Command.Persistence\Command.Persistence.csproj", "{E75634B6-9B08-4BCD-A03F-11932077E125}"
EndProject
Project("{9A19103F-16F7-4668-BE54-9A1E7A4F7556}") = "Command.Presentation", "src\Command\Command.Presentation\Command.Presentation.csproj", "{5A8B7DA2-1116-4E92-8A15-DCFF1F4B67E7}"
EndProject
Project("{9A19103F-16F7-4668-BE54-9A1E7A4F7556}") = "Command.Application", "src\Command\Command.Application\Command.Application.csproj", "{CE8FEE94-4655-4B70-AABA-FB3846D128A1}"
EndProject
Project("{9A19103F-16F7-4668-BE54-9A1E7A4F7556}") = "Query.API", "src\Query\Query.API\Query.API.csproj", "{DDF2F846-5268-4E26-B1C4-CC9E3D259DEA}"
EndProject
Project("{9A19103F-16F7-4668-BE54-9A1E7A4F7556}") = "Query.Domain", "src\Query\Query.Domain\Query.Domain.csproj", "{008F5F3C-CCDB-4EFB-8A00-CE7544D12B14}"
EndProject
Project("{9A19103F-16F7-4668-BE54-9A1E7A4F7556}") = "Query.Application", "src\Query\Query.Application\Query.Application.csproj", "{D448B4FA-1BCB-450C-9FCD-3474C6E8EFCD}"
EndProject
Project("{9A19103F-16F7-4668-BE54-9A1E7A4F7556}") = "Query.Persistence", "src\Query\Query.Persistence\Query.Persistence.csproj", "{B330718A-B9C2-4531-A4E6-2AF27C74CD6A}"
EndProject
Project("{9A19103F-16F7-4668-BE54-9A1E7A4F7556}") = "Query.Presentation", "src\Query\Query.Presentation\Query.Presentation.csproj", "{57B1BAAF-5FDF-4274-8EA9-CF01A07209A7}"
EndProject
Project("{9A19103F-16F7-4668-BE54-9A1E7A4F7556}") = "Query.Infrastructure", "src\Query\Query.Infastructure\Query.Infrastructure.csproj", "{59C9C44E-C1FF-47C5-BA7A-688CBAFDC1A9}"
EndProject
Project("{9A19103F-16F7-4668-BE54-9A1E7A4F7556}") = "Contract", "src\Contract\Contract.csproj", "{E3962ED4-2B97-42B0-879B-51F378F3821D}"
EndProject
Global
	GlobalSection(SolutionConfigurationPlatforms) = preSolution
		Debug|Any CPU = Debug|Any CPU
		Release|Any CPU = Release|Any CPU
	EndGlobalSection
	GlobalSection(ProjectConfigurationPlatforms) = postSolution
		{E83AB8D1-50D6-408F-8EEF-63062085265A}.Debug|Any CPU.ActiveCfg = Debug|Any CPU
		{E83AB8D1-50D6-408F-8EEF-63062085265A}.Debug|Any CPU.Build.0 = Debug|Any CPU
		{E83AB8D1-50D6-408F-8EEF-63062085265A}.Release|Any CPU.ActiveCfg = Release|Any CPU
		{E83AB8D1-50D6-408F-8EEF-63062085265A}.Release|Any CPU.Build.0 = Release|Any CPU
		{51DE6497-9A39-45D1-BC6F-C0B93E896227}.Debug|Any CPU.ActiveCfg = Debug|Any CPU
		{51DE6497-9A39-45D1-BC6F-C0B93E896227}.Debug|Any CPU.Build.0 = Debug|Any CPU
		{51DE6497-9A39-45D1-BC6F-C0B93E896227}.Release|Any CPU.ActiveCfg = Release|Any CPU
		{51DE6497-9A39-45D1-BC6F-C0B93E896227}.Release|Any CPU.Build.0 = Release|Any CPU
		{2834F3BF-D6BE-4EE3-93BA-FFB699148FB3}.Debug|Any CPU.ActiveCfg = Debug|Any CPU
		{2834F3BF-D6BE-4EE3-93BA-FFB699148FB3}.Debug|Any CPU.Build.0 = Debug|Any CPU
		{2834F3BF-D6BE-4EE3-93BA-FFB699148FB3}.Release|Any CPU.ActiveCfg = Release|Any CPU
		{2834F3BF-D6BE-4EE3-93BA-FFB699148FB3}.Release|Any CPU.Build.0 = Release|Any CPU
		{E75634B6-9B08-4BCD-A03F-11932077E125}.Debug|Any CPU.ActiveCfg = Debug|Any CPU
		{E75634B6-9B08-4BCD-A03F-11932077E125}.Debug|Any CPU.Build.0 = Debug|Any CPU
		{E75634B6-9B08-4BCD-A03F-11932077E125}.Release|Any CPU.ActiveCfg = Release|Any CPU
		{E75634B6-9B08-4BCD-A03F-11932077E125}.Release|Any CPU.Build.0 = Release|Any CPU
		{5A8B7DA2-1116-4E92-8A15-DCFF1F4B67E7}.Debug|Any CPU.ActiveCfg = Debug|Any CPU
		{5A8B7DA2-1116-4E92-8A15-DCFF1F4B67E7}.Debug|Any CPU.Build.0 = Debug|Any CPU
		{5A8B7DA2-1116-4E92-8A15-DCFF1F4B67E7}.Release|Any CPU.ActiveCfg = Release|Any CPU
		{5A8B7DA2-1116-4E92-8A15-DCFF1F4B67E7}.Release|Any CPU.Build.0 = Release|Any CPU
		{CE8FEE94-4655-4B70-AABA-FB3846D128A1}.Debug|Any CPU.ActiveCfg = Debug|Any CPU
		{CE8FEE94-4655-4B70-AABA-FB3846D128A1}.Debug|Any CPU.Build.0 = Debug|Any CPU
		{CE8FEE94-4655-4B70-AABA-FB3846D128A1}.Release|Any CPU.ActiveCfg = Release|Any CPU
		{CE8FEE94-4655-4B70-AABA-FB3846D128A1}.Release|Any CPU.Build.0 = Release|Any CPU
		{DDF2F846-5268-4E26-B1C4-CC9E3D259DEA}.Debug|Any CPU.ActiveCfg = Debug|Any CPU
		{DDF2F846-5268-4E26-B1C4-CC9E3D259DEA}.Debug|Any CPU.Build.0 = Debug|Any CPU
		{DDF2F846-5268-4E26-B1C4-CC9E3D259DEA}.Release|Any CPU.ActiveCfg = Release|Any CPU
		{DDF2F846-5268-4E26-B1C4-CC9E3D259DEA}.Release|Any CPU.Build.0 = Release|Any CPU
		{008F5F3C-CCDB-4EFB-8A00-CE7544D12B14}.Debug|Any CPU.ActiveCfg = Debug|Any CPU
		{008F5F3C-CCDB-4EFB-8A00-CE7544D12B14}.Debug|Any CPU.Build.0 = Debug|Any CPU
		{008F5F3C-CCDB-4EFB-8A00-CE7544D12B14}.Release|Any CPU.ActiveCfg = Release|Any CPU
		{008F5F3C-CCDB-4EFB-8A00-CE7544D12B14}.Release|Any CPU.Build.0 = Release|Any CPU
		{D448B4FA-1BCB-450C-9FCD-3474C6E8EFCD}.Debug|Any CPU.ActiveCfg = Debug|Any CPU
		{D448B4FA-1BCB-450C-9FCD-3474C6E8EFCD}.Debug|Any CPU.Build.0 = Debug|Any CPU
		{D448B4FA-1BCB-450C-9FCD-3474C6E8EFCD}.Release|Any CPU.ActiveCfg = Release|Any CPU
		{D448B4FA-1BCB-450C-9FCD-3474C6E8EFCD}.Release|Any CPU.Build.0 = Release|Any CPU
		{B330718A-B9C2-4531-A4E6-2AF27C74CD6A}.Debug|Any CPU.ActiveCfg = Debug|Any CPU
		{B330718A-B9C2-4531-A4E6-2AF27C74CD6A}.Debug|Any CPU.Build.0 = Debug|Any CPU
		{B330718A-B9C2-4531-A4E6-2AF27C74CD6A}.Release|Any CPU.ActiveCfg = Release|Any CPU
		{B330718A-B9C2-4531-A4E6-2AF27C74CD6A}.Release|Any CPU.Build.0 = Release|Any CPU
		{57B1BAAF-5FDF-4274-8EA9-CF01A07209A7}.Debug|Any CPU.ActiveCfg = Debug|Any CPU
		{57B1BAAF-5FDF-4274-8EA9-CF01A07209A7}.Debug|Any CPU.Build.0 = Debug|Any CPU
		{57B1BAAF-5FDF-4274-8EA9-CF01A07209A7}.Release|Any CPU.ActiveCfg = Release|Any CPU
		{57B1BAAF-5FDF-4274-8EA9-CF01A07209A7}.Release|Any CPU.Build.0 = Release|Any CPU
		{59C9C44E-C1FF-47C5-BA7A-688CBAFDC1A9}.Debug|Any CPU.ActiveCfg = Debug|Any CPU
		{59C9C44E-C1FF-47C5-BA7A-688CBAFDC1A9}.Debug|Any CPU.Build.0 = Debug|Any CPU
		{59C9C44E-C1FF-47C5-BA7A-688CBAFDC1A9}.Release|Any CPU.ActiveCfg = Release|Any CPU
		{59C9C44E-C1FF-47C5-BA7A-688CBAFDC1A9}.Release|Any CPU.Build.0 = Release|Any CPU
		{E3962ED4-2B97-42B0-879B-51F378F3821D}.Debug|Any CPU.ActiveCfg = Debug|Any CPU
		{E3962ED4-2B97-42B0-879B-51F378F3821D}.Debug|Any CPU.Build.0 = Debug|Any CPU
		{E3962ED4-2B97-42B0-879B-51F378F3821D}.Release|Any CPU.ActiveCfg = Release|Any CPU
		{E3962ED4-2B97-42B0-879B-51F378F3821D}.Release|Any CPU.Build.0 = Release|Any CPU
	EndGlobalSection
	GlobalSection(SolutionProperties) = preSolution
		HideSolutionNode = FALSE
	EndGlobalSection
	GlobalSection(NestedProjects) = preSolution
		{8922278F-30A1-4767-9E8F-1FC887E396DD} = {A58B75A4-F39C-430D-BFBF-209ACE001EB8}
		{45B0D14D-FDC9-41E4-853F-B8693B6FD522} = {A58B75A4-F39C-430D-BFBF-209ACE001EB8}
		{E83AB8D1-50D6-408F-8EEF-63062085265A} = {8922278F-30A1-4767-9E8F-1FC887E396DD}
		{51DE6497-9A39-45D1-BC6F-C0B93E896227} = {8922278F-30A1-4767-9E8F-1FC887E396DD}
		{2834F3BF-D6BE-4EE3-93BA-FFB699148FB3} = {8922278F-30A1-4767-9E8F-1FC887E396DD}
		{E75634B6-9B08-4BCD-A03F-11932077E125} = {8922278F-30A1-4767-9E8F-1FC887E396DD}
		{5A8B7DA2-1116-4E92-8A15-DCFF1F4B67E7} = {8922278F-30A1-4767-9E8F-1FC887E396DD}
		{CE8FEE94-4655-4B70-AABA-FB3846D128A1} = {8922278F-30A1-4767-9E8F-1FC887E396DD}
		{DDF2F846-5268-4E26-B1C4-CC9E3D259DEA} = {45B0D14D-FDC9-41E4-853F-B8693B6FD522}
		{008F5F3C-CCDB-4EFB-8A00-CE7544D12B14} = {45B0D14D-FDC9-41E4-853F-B8693B6FD522}
		{D448B4FA-1BCB-450C-9FCD-3474C6E8EFCD} = {45B0D14D-FDC9-41E4-853F-B8693B6FD522}
		{B330718A-B9C2-4531-A4E6-2AF27C74CD6A} = {45B0D14D-FDC9-41E4-853F-B8693B6FD522}
		{57B1BAAF-5FDF-4274-8EA9-CF01A07209A7} = {45B0D14D-FDC9-41E4-853F-B8693B6FD522}
		{59C9C44E-C1FF-47C5-BA7A-688CBAFDC1A9} = {45B0D14D-FDC9-41E4-853F-B8693B6FD522}
		{E3962ED4-2B97-42B0-879B-51F378F3821D} = {A58B75A4-F39C-430D-BFBF-209ACE001EB8}
	EndGlobalSection
	GlobalSection(ExtensibilityGlobals) = postSolution
		SolutionGuid = {CACD0AD9-97A4-44CC-95C4-7241F6B5DDE8}
	EndGlobalSection
EndGlobal
